
Microsoft Visual Studio Solution File, Format Version 12.00
# Visual Studio Version 17
VisualStudioVersion = 17.4.33110.190
MinimumVisualStudioVersion = 10.0.40219.1
Project("{FAE04EC0-301F-11D3-BF4B-00C04F79EFBC}") = "XSLTValidatorByXML", "XSLTValidatorByXML\XSLTValidatorByXML.csproj", "{9BD7FB9E-4F7E-453B-B307-F2814BA506B0}"
EndProject
Project("{FAE04EC0-301F-11D3-BF4B-00C04F79EFBC}") = "XSLTTransformationFromXMLFile", "XSLTTransformationFromXMLFile\XSLTTransformationFromXMLFile.csproj", "{339F3CF3-D131-438F-82F6-3F499A8C7ACF}"
EndProject
Global
	GlobalSection(SolutionConfigurationPlatforms) = preSolution
		Debug|Any CPU = Debug|Any CPU
		Release|Any CPU = Release|Any CPU
	EndGlobalSection
	GlobalSection(ProjectConfigurationPlatforms) = postSolution
		{9BD7FB9E-4F7E-453B-B307-F2814BA506B0}.Debug|Any CPU.ActiveCfg = Debug|Any CPU
		{9BD7FB9E-4F7E-453B-B307-F2814BA506B0}.Debug|Any CPU.Build.0 = Debug|Any CPU
		{9BD7FB9E-4F7E-453B-B307-F2814BA506B0}.Release|Any CPU.ActiveCfg = Release|Any CPU
		{9BD7FB9E-4F7E-453B-B307-F2814BA506B0}.Release|Any CPU.Build.0 = Release|Any CPU
		{339F3CF3-D131-438F-82F6-3F499A8C7ACF}.Debug|Any CPU.ActiveCfg = Debug|Any CPU
		{339F3CF3-D131-438F-82F6-3F499A8C7ACF}.Debug|Any CPU.Build.0 = Debug|Any CPU
		{339F3CF3-D131-438F-82F6-3F499A8C7ACF}.Release|Any CPU.ActiveCfg = Release|Any CPU
		{339F3CF3-D131-438F-82F6-3F499A8C7ACF}.Release|Any CPU.Build.0 = Release|Any CPU
	EndGlobalSection
	GlobalSection(SolutionProperties) = preSolution
		HideSolutionNode = FALSE
	EndGlobalSection
	GlobalSection(ExtensibilityGlobals) = postSolution
		SolutionGuid = {EB3AE9A4-F39A-4FF2-BA12-04C5261CB4A4}
	EndGlobalSection
EndGlobal
